
Microsoft Visual Studio Solution File, Format Version 12.00
# Visual Studio 14
VisualStudioVersion = 14.0.25420.1
MinimumVisualStudioVersion = 10.0.40219.1
Project("{FAE04EC0-301F-11D3-BF4B-00C04F79EFBC}") = "(Lab) Lab Exercises", "(Lab) Lab Exercises\(Lab) Lab Exercises.csproj", "{43E7F553-DB12-4A8D-AA56-89997E4A3029}"
EndProject
Project("{FAE04EC0-301F-11D3-BF4B-00C04F79EFBC}") = "01. ClassBox", "01. ClassBox\01. ClassBox.csproj", "{75C5EFA2-E5B2-4178-8CF8-AE105EBCEA19}"
EndProject
Project("{FAE04EC0-301F-11D3-BF4B-00C04F79EFBC}") = "03. AnimalFarm", "..\..\..\..\Desktop\C# fundamentals\C# OOP Basics\02. Encapsulation\02.CSharp-OOP-Basic-Encapsulation-Exercises\AnimalFarm\AnimalFarm\03. AnimalFarm.csproj", "{32AEC171-3440-43ED-822B-E7F89C5A8651}"
EndProject
Project("{FAE04EC0-301F-11D3-BF4B-00C04F79EFBC}") = "04. ShoppingSpree", "04. ShoppingSpree\04. ShoppingSpree.csproj", "{FBD81962-9769-432B-B9BB-AA5102F1ABA0}"
EndProject
Project("{FAE04EC0-301F-11D3-BF4B-00C04F79EFBC}") = "05. PizzaCalories", "05. PizzaCalories\05. PizzaCalories.csproj", "{4A53698C-FC9D-4563-A7B2-DA7F469523C5}"
EndProject
Project("{FAE04EC0-301F-11D3-BF4B-00C04F79EFBC}") = "06. FootballTeamGenerator", "06. FootballTeamGenerator\06. FootballTeamGenerator.csproj", "{114691C7-B795-49BA-8B2F-6D2B844AF6DE}"
EndProject
Global
	GlobalSection(SolutionConfigurationPlatforms) = preSolution
		Debug|Any CPU = Debug|Any CPU
		Release|Any CPU = Release|Any CPU
	EndGlobalSection
	GlobalSection(ProjectConfigurationPlatforms) = postSolution
		{43E7F553-DB12-4A8D-AA56-89997E4A3029}.Debug|Any CPU.ActiveCfg = Debug|Any CPU
		{43E7F553-DB12-4A8D-AA56-89997E4A3029}.Debug|Any CPU.Build.0 = Debug|Any CPU
		{43E7F553-DB12-4A8D-AA56-89997E4A3029}.Release|Any CPU.ActiveCfg = Release|Any CPU
		{43E7F553-DB12-4A8D-AA56-89997E4A3029}.Release|Any CPU.Build.0 = Release|Any CPU
		{75C5EFA2-E5B2-4178-8CF8-AE105EBCEA19}.Debug|Any CPU.ActiveCfg = Debug|Any CPU
		{75C5EFA2-E5B2-4178-8CF8-AE105EBCEA19}.Debug|Any CPU.Build.0 = Debug|Any CPU
		{75C5EFA2-E5B2-4178-8CF8-AE105EBCEA19}.Release|Any CPU.ActiveCfg = Release|Any CPU
		{75C5EFA2-E5B2-4178-8CF8-AE105EBCEA19}.Release|Any CPU.Build.0 = Release|Any CPU
		{32AEC171-3440-43ED-822B-E7F89C5A8651}.Debug|Any CPU.ActiveCfg = Debug|Any CPU
		{32AEC171-3440-43ED-822B-E7F89C5A8651}.Debug|Any CPU.Build.0 = Debug|Any CPU
		{32AEC171-3440-43ED-822B-E7F89C5A8651}.Release|Any CPU.ActiveCfg = Release|Any CPU
		{32AEC171-3440-43ED-822B-E7F89C5A8651}.Release|Any CPU.Build.0 = Release|Any CPU
		{FBD81962-9769-432B-B9BB-AA5102F1ABA0}.Debug|Any CPU.ActiveCfg = Debug|Any CPU
		{FBD81962-9769-432B-B9BB-AA5102F1ABA0}.Debug|Any CPU.Build.0 = Debug|Any CPU
		{FBD81962-9769-432B-B9BB-AA5102F1ABA0}.Release|Any CPU.ActiveCfg = Release|Any CPU
		{FBD81962-9769-432B-B9BB-AA5102F1ABA0}.Release|Any CPU.Build.0 = Release|Any CPU
		{4A53698C-FC9D-4563-A7B2-DA7F469523C5}.Debug|Any CPU.ActiveCfg = Debug|Any CPU
		{4A53698C-FC9D-4563-A7B2-DA7F469523C5}.Debug|Any CPU.Build.0 = Debug|Any CPU
		{4A53698C-FC9D-4563-A7B2-DA7F469523C5}.Release|Any CPU.ActiveCfg = Release|Any CPU
		{4A53698C-FC9D-4563-A7B2-DA7F469523C5}.Release|Any CPU.Build.0 = Release|Any CPU
		{114691C7-B795-49BA-8B2F-6D2B844AF6DE}.Debug|Any CPU.ActiveCfg = Debug|Any CPU
		{114691C7-B795-49BA-8B2F-6D2B844AF6DE}.Debug|Any CPU.Build.0 = Debug|Any CPU
		{114691C7-B795-49BA-8B2F-6D2B844AF6DE}.Release|Any CPU.ActiveCfg = Release|Any CPU
		{114691C7-B795-49BA-8B2F-6D2B844AF6DE}.Release|Any CPU.Build.0 = Release|Any CPU
	EndGlobalSection
	GlobalSection(SolutionProperties) = preSolution
		HideSolutionNode = FALSE
	EndGlobalSection
EndGlobal
